
Microsoft Visual Studio Solution File, Format Version 12.00
# Visual Studio Version 17
VisualStudioVersion = 17.4.33103.184
MinimumVisualStudioVersion = 10.0.40219.1
Project("{FAE04EC0-301F-11D3-BF4B-00C04F79EFBC}") = "online-medical-services", "online-medical-services\online-medical-services.csproj", "{137CE365-5DE6-402F-82E4-54752CA918C7}"
EndProject
Global
	GlobalSection(SolutionConfigurationPlatforms) = preSolution
		Debug|Any CPU = Debug|Any CPU
		Release|Any CPU = Release|Any CPU
	EndGlobalSection
	GlobalSection(ProjectConfigurationPlatforms) = postSolution
		{137CE365-5DE6-402F-82E4-54752CA918C7}.Debug|Any CPU.ActiveCfg = Debug|Any CPU
		{137CE365-5DE6-402F-82E4-54752CA918C7}.Debug|Any CPU.Build.0 = Debug|Any CPU
		{137CE365-5DE6-402F-82E4-54752CA918C7}.Release|Any CPU.ActiveCfg = Release|Any CPU
		{137CE365-5DE6-402F-82E4-54752CA918C7}.Release|Any CPU.Build.0 = Release|Any CPU
	EndGlobalSection
	GlobalSection(SolutionProperties) = preSolution
		HideSolutionNode = FALSE
	EndGlobalSection
	GlobalSection(ExtensibilityGlobals) = postSolution
		SolutionGuid = {5AF7FF72-ADF4-426E-849F-BCCBF061B708}
	EndGlobalSection
EndGlobal
